{
  "version": 4,
  "terraform_version": "1.1.7",
  "serial": 64,
  "lineage": "5d7d28dc-43b5-aba3-b372-1941bd8bb1e7",
  "outputs": {},
  "resources": [
    {
      "mode": "data",
      "type": "azurerm_public_ip",
      "name": "ip-aula",
      "provider": "provider[\"registry.terraform.io/hashicorp/azurerm\"]",
      "instances": [
        {
          "schema_version": 0,
          "attributes": {
            "allocation_method": "Static",
            "domain_name_label": "",
            "fqdn": "",
            "id": "/subscriptions/cd1e171b-f38c-49de-94e3-f8592ad5378f/resourceGroups/AulaInfraAtividade1/providers/Microsoft.Network/publicIPAddresses/ip-aulaAtividade1",
            "idle_timeout_in_minutes": 4,
            "ip_address": "104.210.65.142",
            "ip_tags": {},
            "ip_version": "IPv4",
            "location": "australiaeast",
            "name": "ip-aulaAtividade1",
            "resource_group_name": "AulaInfraAtividade1",
            "reverse_fqdn": "",
            "sku": "Basic",
            "tags": {
              "environment": "Production"
            },
            "timeouts": null,
            "zones": []
          },
          "sensitive_attributes": []
        }
      ]
    },
    {
      "mode": "managed",
      "type": "azurerm_network_interface",
      "name": "nic-aulainfracloud",
      "provider": "provider[\"registry.terraform.io/hashicorp/azurerm\"]",
      "instances": [
        {
          "schema_version": 0,
          "attributes": {
            "applied_dns_servers": [],
            "dns_servers": [],
            "edge_zone": "",
            "enable_accelerated_networking": false,
            "enable_ip_forwarding": false,
            "id": "/subscriptions/cd1e171b-f38c-49de-94e3-f8592ad5378f/resourceGroups/AulaInfraAtividade1/providers/Microsoft.Network/networkInterfaces/nic-aulaAtividade1",
            "internal_dns_name_label": "",
            "internal_domain_name_suffix": "v1l4c1uzo1hedczad0xoarik0e.px.internal.cloudapp.net",
            "ip_configuration": [
              {
                "gateway_load_balancer_frontend_ip_configuration_id": "",
                "name": "ip-aula-nic",
                "primary": true,
                "private_ip_address": "10.0.1.4",
                "private_ip_address_allocation": "Dynamic",
                "private_ip_address_version": "IPv4",
                "public_ip_address_id": "/subscriptions/cd1e171b-f38c-49de-94e3-f8592ad5378f/resourceGroups/AulaInfraAtividade1/providers/Microsoft.Network/publicIPAddresses/ip-aulaAtividade1",
                "subnet_id": "/subscriptions/cd1e171b-f38c-49de-94e3-f8592ad5378f/resourceGroups/AulaInfraAtividade1/providers/Microsoft.Network/virtualNetworks/vnet-aulaAtividade1/subnets/sub-aulaAtividade1"
              }
            ],
            "location": "australiaeast",
            "mac_address": "",
            "name": "nic-aulaAtividade1",
            "private_ip_address": "10.0.1.4",
            "private_ip_addresses": [
              "10.0.1.4"
            ],
            "resource_group_name": "AulaInfraAtividade1",
            "tags": null,
            "timeouts": null,
            "virtual_machine_id": ""
          },
          "sensitive_attributes": [],
          "private": "eyJlMmJmYjczMC1lY2FhLTExZTYtOGY4OC0zNDM2M2JjN2M0YzAiOnsiY3JlYXRlIjoxODAwMDAwMDAwMDAwLCJkZWxldGUiOjE4MDAwMDAwMDAwMDAsInJlYWQiOjMwMDAwMDAwMDAwMCwidXBkYXRlIjoxODAwMDAwMDAwMDAwfX0=",
          "dependencies": [
            "azurerm_public_ip.ip-aulainfracloud",
            "azurerm_resource_group.rg-aulainfracloud",
            "azurerm_subnet.sub-aulainfracloud",
            "azurerm_virtual_network.vnet-aulainfracloud"
          ]
        }
      ]
    },
    {
      "mode": "managed",
      "type": "azurerm_network_interface_security_group_association",
      "name": "nic-nsg-aulainfracloud",
      "provider": "provider[\"registry.terraform.io/hashicorp/azurerm\"]",
      "instances": [
        {
          "schema_version": 0,
          "attributes": {
            "id": "/subscriptions/cd1e171b-f38c-49de-94e3-f8592ad5378f/resourceGroups/AulaInfraAtividade1/providers/Microsoft.Network/networkInterfaces/nic-aulaAtividade1|/subscriptions/cd1e171b-f38c-49de-94e3-f8592ad5378f/resourceGroups/AulaInfraAtividade1/providers/Microsoft.Network/networkSecurityGroups/nsg-aulaAtividade1",
            "network_interface_id": "/subscriptions/cd1e171b-f38c-49de-94e3-f8592ad5378f/resourceGroups/AulaInfraAtividade1/providers/Microsoft.Network/networkInterfaces/nic-aulaAtividade1",
            "network_security_group_id": "/subscriptions/cd1e171b-f38c-49de-94e3-f8592ad5378f/resourceGroups/AulaInfraAtividade1/providers/Microsoft.Network/networkSecurityGroups/nsg-aulaAtividade1",
            "timeouts": null
          },
          "sensitive_attributes": [],
          "private": "eyJlMmJmYjczMC1lY2FhLTExZTYtOGY4OC0zNDM2M2JjN2M0YzAiOnsiY3JlYXRlIjoxODAwMDAwMDAwMDAwLCJkZWxldGUiOjE4MDAwMDAwMDAwMDAsInJlYWQiOjMwMDAwMDAwMDAwMCwidXBkYXRlIjoxODAwMDAwMDAwMDAwfX0=",
          "dependencies": [
            "azurerm_network_interface.nic-aulainfracloud",
            "azurerm_network_security_group.nsg-aulainfracloud",
            "azurerm_public_ip.ip-aulainfracloud",
            "azurerm_resource_group.rg-aulainfracloud",
            "azurerm_subnet.sub-aulainfracloud",
            "azurerm_virtual_network.vnet-aulainfracloud"
          ]
        }
      ]
    },
    {
      "mode": "managed",
      "type": "azurerm_network_security_group",
      "name": "nsg-aulainfracloud",
      "provider": "provider[\"registry.terraform.io/hashicorp/azurerm\"]",
      "instances": [
        {
          "schema_version": 0,
          "attributes": {
            "id": "/subscriptions/cd1e171b-f38c-49de-94e3-f8592ad5378f/resourceGroups/AulaInfraAtividade1/providers/Microsoft.Network/networkSecurityGroups/nsg-aulaAtividade1",
            "location": "australiaeast",
            "name": "nsg-aulaAtividade1",
            "resource_group_name": "AulaInfraAtividade1",
            "security_rule": [
              {
                "access": "Allow",
                "description": "",
                "destination_address_prefix": "*",
                "destination_address_prefixes": [],
                "destination_application_security_group_ids": [],
                "destination_port_range": "22",
                "destination_port_ranges": [],
                "direction": "Inbound",
                "name": "SSH",
                "priority": 1001,
                "protocol": "Tcp",
                "source_address_prefix": "*",
                "source_address_prefixes": [],
                "source_application_security_group_ids": [],
                "source_port_range": "*",
                "source_port_ranges": []
              },
              {
                "access": "Allow",
                "description": "",
                "destination_address_prefix": "*",
                "destination_address_prefixes": [],
                "destination_application_security_group_ids": [],
                "destination_port_range": "80",
                "destination_port_ranges": [],
                "direction": "Inbound",
                "name": "web",
                "priority": 1003,
                "protocol": "Tcp",
                "source_address_prefix": "*",
                "source_address_prefixes": [],
                "source_application_security_group_ids": [],
                "source_port_range": "*",
                "source_port_ranges": []
              }
            ],
            "tags": {
              "environment": "Production"
            },
            "timeouts": null
          },
          "sensitive_attributes": [],
          "private": "eyJlMmJmYjczMC1lY2FhLTExZTYtOGY4OC0zNDM2M2JjN2M0YzAiOnsiY3JlYXRlIjoxODAwMDAwMDAwMDAwLCJkZWxldGUiOjE4MDAwMDAwMDAwMDAsInJlYWQiOjMwMDAwMDAwMDAwMCwidXBkYXRlIjoxODAwMDAwMDAwMDAwfX0=",
          "dependencies": [
            "azurerm_resource_group.rg-aulainfracloud"
          ]
        }
      ]
    },
    {
      "mode": "managed",
      "type": "azurerm_public_ip",
      "name": "ip-aulainfracloud",
      "provider": "provider[\"registry.terraform.io/hashicorp/azurerm\"]",
      "instances": [
        {
          "schema_version": 0,
          "attributes": {
            "allocation_method": "Static",
            "domain_name_label": null,
            "edge_zone": "",
            "fqdn": null,
            "id": "/subscriptions/cd1e171b-f38c-49de-94e3-f8592ad5378f/resourceGroups/AulaInfraAtividade1/providers/Microsoft.Network/publicIPAddresses/ip-aulaAtividade1",
            "idle_timeout_in_minutes": 4,
            "ip_address": "104.210.65.142",
            "ip_tags": null,
            "ip_version": "IPv4",
            "location": "australiaeast",
            "name": "ip-aulaAtividade1",
            "public_ip_prefix_id": null,
            "resource_group_name": "AulaInfraAtividade1",
            "reverse_fqdn": null,
            "sku": "Basic",
            "sku_tier": "Regional",
            "tags": {
              "environment": "Production"
            },
            "timeouts": null,
            "zones": null
          },
          "sensitive_attributes": [],
          "private": "eyJlMmJmYjczMC1lY2FhLTExZTYtOGY4OC0zNDM2M2JjN2M0YzAiOnsiY3JlYXRlIjoxODAwMDAwMDAwMDAwLCJkZWxldGUiOjE4MDAwMDAwMDAwMDAsInJlYWQiOjMwMDAwMDAwMDAwMCwidXBkYXRlIjoxODAwMDAwMDAwMDAwfX0=",
          "dependencies": [
            "azurerm_resource_group.rg-aulainfracloud"
          ]
        }
      ]
    },
    {
      "mode": "managed",
      "type": "azurerm_resource_group",
      "name": "rg-aulainfracloud",
      "provider": "provider[\"registry.terraform.io/hashicorp/azurerm\"]",
      "instances": [
        {
          "schema_version": 0,
          "attributes": {
            "id": "/subscriptions/cd1e171b-f38c-49de-94e3-f8592ad5378f/resourceGroups/AulaInfraAtividade1",
            "location": "australiaeast",
            "name": "AulaInfraAtividade1",
            "tags": null,
            "timeouts": null
          },
          "sensitive_attributes": [],
          "private": "eyJlMmJmYjczMC1lY2FhLTExZTYtOGY4OC0zNDM2M2JjN2M0YzAiOnsiY3JlYXRlIjo1NDAwMDAwMDAwMDAwLCJkZWxldGUiOjU0MDAwMDAwMDAwMDAsInJlYWQiOjMwMDAwMDAwMDAwMCwidXBkYXRlIjo1NDAwMDAwMDAwMDAwfX0="
        }
      ]
    },
    {
      "mode": "managed",
      "type": "azurerm_subnet",
      "name": "sub-aulainfracloud",
      "provider": "provider[\"registry.terraform.io/hashicorp/azurerm\"]",
      "instances": [
        {
          "schema_version": 0,
          "attributes": {
            "address_prefixes": [
              "10.0.1.0/24"
            ],
            "delegation": [],
            "enforce_private_link_endpoint_network_policies": false,
            "enforce_private_link_service_network_policies": false,
            "id": "/subscriptions/cd1e171b-f38c-49de-94e3-f8592ad5378f/resourceGroups/AulaInfraAtividade1/providers/Microsoft.Network/virtualNetworks/vnet-aulaAtividade1/subnets/sub-aulaAtividade1",
            "name": "sub-aulaAtividade1",
            "resource_group_name": "AulaInfraAtividade1",
            "service_endpoint_policy_ids": null,
            "service_endpoints": null,
            "timeouts": null,
            "virtual_network_name": "vnet-aulaAtividade1"
          },
          "sensitive_attributes": [],
          "private": "eyJlMmJmYjczMC1lY2FhLTExZTYtOGY4OC0zNDM2M2JjN2M0YzAiOnsiY3JlYXRlIjoxODAwMDAwMDAwMDAwLCJkZWxldGUiOjE4MDAwMDAwMDAwMDAsInJlYWQiOjMwMDAwMDAwMDAwMCwidXBkYXRlIjoxODAwMDAwMDAwMDAwfX0=",
          "dependencies": [
            "azurerm_resource_group.rg-aulainfracloud",
            "azurerm_virtual_network.vnet-aulainfracloud"
          ]
        }
      ]
    },
    {
      "mode": "managed",
      "type": "azurerm_virtual_machine",
      "name": "vm-aulainfracloud",
      "provider": "provider[\"registry.terraform.io/hashicorp/azurerm\"]",
      "instances": [
        {
          "schema_version": 0,
          "attributes": {
            "additional_capabilities": [],
            "availability_set_id": null,
            "boot_diagnostics": [],
            "delete_data_disks_on_termination": false,
            "delete_os_disk_on_termination": false,
            "id": "/subscriptions/cd1e171b-f38c-49de-94e3-f8592ad5378f/resourceGroups/AulaInfraAtividade1/providers/Microsoft.Compute/virtualMachines/vm-aulaAtividade1",
            "identity": [],
            "license_type": null,
            "location": "australiaeast",
            "name": "vm-aulaAtividade1",
            "network_interface_ids": [
              "/subscriptions/cd1e171b-f38c-49de-94e3-f8592ad5378f/resourceGroups/AulaInfraAtividade1/providers/Microsoft.Network/networkInterfaces/nic-aulaAtividade1"
            ],
            "os_profile": [
              {
                "admin_password": "",
                "admin_username": "testadmin",
                "computer_name": "hostname",
                "custom_data": ""
              }
            ],
            "os_profile_linux_config": [
              {
                "disable_password_authentication": false,
                "ssh_keys": []
              }
            ],
            "os_profile_secrets": [],
            "os_profile_windows_config": [],
            "plan": [],
            "primary_network_interface_id": null,
            "proximity_placement_group_id": null,
            "resource_group_name": "AulaInfraAtividade1",
            "storage_data_disk": [],
            "storage_image_reference": [
              {
                "id": "",
                "offer": "UbuntuServer",
                "publisher": "Canonical",
                "sku": "16.04-LTS",
                "version": "latest"
              }
            ],
            "storage_os_disk": [
              {
                "caching": "ReadWrite",
                "create_option": "FromImage",
                "disk_size_gb": 30,
                "image_uri": "",
                "managed_disk_id": "/subscriptions/cd1e171b-f38c-49de-94e3-f8592ad5378f/resourceGroups/AulaInfraAtividade1/providers/Microsoft.Compute/disks/myosdisk1",
                "managed_disk_type": "Standard_LRS",
                "name": "myosdisk1",
                "os_type": "Linux",
                "vhd_uri": "",
                "write_accelerator_enabled": false
              }
            ],
            "tags": {
              "environment": "staging"
            },
            "timeouts": null,
            "vm_size": "Standard_DS1_v2",
            "zones": null
          },
          "sensitive_attributes": [],
          "private": "eyJlMmJmYjczMC1lY2FhLTExZTYtOGY4OC0zNDM2M2JjN2M0YzAiOnsiY3JlYXRlIjozNjAwMDAwMDAwMDAwLCJkZWxldGUiOjM2MDAwMDAwMDAwMDAsInJlYWQiOjMwMDAwMDAwMDAwMCwidXBkYXRlIjozNjAwMDAwMDAwMDAwfX0=",
          "dependencies": [
            "azurerm_network_interface.nic-aulainfracloud",
            "azurerm_public_ip.ip-aulainfracloud",
            "azurerm_resource_group.rg-aulainfracloud",
            "azurerm_subnet.sub-aulainfracloud",
            "azurerm_virtual_network.vnet-aulainfracloud"
          ]
        }
      ]
    },
    {
      "mode": "managed",
      "type": "azurerm_virtual_network",
      "name": "vnet-aulainfracloud",
      "provider": "provider[\"registry.terraform.io/hashicorp/azurerm\"]",
      "instances": [
        {
          "schema_version": 0,
          "attributes": {
            "address_space": [
              "10.0.0.0/16"
            ],
            "bgp_community": "",
            "ddos_protection_plan": [],
            "dns_servers": [],
            "edge_zone": "",
            "flow_timeout_in_minutes": 0,
            "guid": "6ee1d7ae-7699-41ce-8b20-1eaee0450ad4",
            "id": "/subscriptions/cd1e171b-f38c-49de-94e3-f8592ad5378f/resourceGroups/AulaInfraAtividade1/providers/Microsoft.Network/virtualNetworks/vnet-aulaAtividade1",
            "location": "australiaeast",
            "name": "vnet-aulaAtividade1",
            "resource_group_name": "AulaInfraAtividade1",
            "subnet": [],
            "tags": null,
            "timeouts": null
          },
          "sensitive_attributes": [],
          "private": "eyJlMmJmYjczMC1lY2FhLTExZTYtOGY4OC0zNDM2M2JjN2M0YzAiOnsiY3JlYXRlIjoxODAwMDAwMDAwMDAwLCJkZWxldGUiOjE4MDAwMDAwMDAwMDAsInJlYWQiOjMwMDAwMDAwMDAwMCwidXBkYXRlIjoxODAwMDAwMDAwMDAwfX0=",
          "dependencies": [
            "azurerm_resource_group.rg-aulainfracloud"
          ]
        }
      ]
    },
    {
      "mode": "managed",
      "type": "null_resource",
      "name": "install-apache",
      "provider": "provider[\"registry.terraform.io/hashicorp/null\"]",
      "instances": [
        {
          "schema_version": 0,
          "attributes": {
            "id": "3743931312025001857",
            "triggers": null
          },
          "sensitive_attributes": [],
          "private": "bnVsbA==",
          "dependencies": [
            "azurerm_network_interface.nic-aulainfracloud",
            "azurerm_public_ip.ip-aulainfracloud",
            "azurerm_resource_group.rg-aulainfracloud",
            "azurerm_subnet.sub-aulainfracloud",
            "azurerm_virtual_machine.vm-aulainfracloud",
            "azurerm_virtual_network.vnet-aulainfracloud",
            "data.azurerm_public_ip.ip-aula"
          ]
        }
      ]
    }
  ]
}
